
Microsoft Visual Studio Solution File, Format Version 12.00
# Visual Studio Version 17
VisualStudioVersion = 17.3.32901.215
MinimumVisualStudioVersion = 10.0.40219.1
Project("{FAE04EC0-301F-11D3-BF4B-00C04F79EFBC}") = "ASD_lab2_var10", "ASD_lab2_var10\ASD_lab2_var10.csproj", "{ADFEF9D6-A323-409E-93D5-C58A6D3460B8}"
EndProject
Global
	GlobalSection(SolutionConfigurationPlatforms) = preSolution
		Debug|Any CPU = Debug|Any CPU
		Release|Any CPU = Release|Any CPU
	EndGlobalSection
	GlobalSection(ProjectConfigurationPlatforms) = postSolution
		{ADFEF9D6-A323-409E-93D5-C58A6D3460B8}.Debug|Any CPU.ActiveCfg = Debug|Any CPU
		{ADFEF9D6-A323-409E-93D5-C58A6D3460B8}.Debug|Any CPU.Build.0 = Debug|Any CPU
		{ADFEF9D6-A323-409E-93D5-C58A6D3460B8}.Release|Any CPU.ActiveCfg = Release|Any CPU
		{ADFEF9D6-A323-409E-93D5-C58A6D3460B8}.Release|Any CPU.Build.0 = Release|Any CPU
	EndGlobalSection
	GlobalSection(SolutionProperties) = preSolution
		HideSolutionNode = FALSE
	EndGlobalSection
	GlobalSection(ExtensibilityGlobals) = postSolution
		SolutionGuid = {199C19FC-46DD-4A48-A7F2-A5EE11656D3D}
	EndGlobalSection
EndGlobal
